
Microsoft Visual Studio Solution File, Format Version 12.00
# Visual Studio Version 16
VisualStudioVersion = 16.0.32228.343
MinimumVisualStudioVersion = 10.0.40219.1
Project("{8BC9CEB8-8B4A-11D0-8D11-00A0C91BC942}") = "Algorithm_220621", "Algorithm_220621.vcxproj", "{FDE918C2-B700-48FF-9FC7-80B381D0F081}"
EndProject
Global
	GlobalSection(SolutionConfigurationPlatforms) = preSolution
		Debug|x64 = Debug|x64
		Debug|x86 = Debug|x86
		Release|x64 = Release|x64
		Release|x86 = Release|x86
	EndGlobalSection
	GlobalSection(ProjectConfigurationPlatforms) = postSolution
		{FDE918C2-B700-48FF-9FC7-80B381D0F081}.Debug|x64.ActiveCfg = Debug|x64
		{FDE918C2-B700-48FF-9FC7-80B381D0F081}.Debug|x64.Build.0 = Debug|x64
		{FDE918C2-B700-48FF-9FC7-80B381D0F081}.Debug|x86.ActiveCfg = Debug|Win32
		{FDE918C2-B700-48FF-9FC7-80B381D0F081}.Debug|x86.Build.0 = Debug|Win32
		{FDE918C2-B700-48FF-9FC7-80B381D0F081}.Release|x64.ActiveCfg = Release|x64
		{FDE918C2-B700-48FF-9FC7-80B381D0F081}.Release|x64.Build.0 = Release|x64
		{FDE918C2-B700-48FF-9FC7-80B381D0F081}.Release|x86.ActiveCfg = Release|Win32
		{FDE918C2-B700-48FF-9FC7-80B381D0F081}.Release|x86.Build.0 = Release|Win32
	EndGlobalSection
	GlobalSection(SolutionProperties) = preSolution
		HideSolutionNode = FALSE
	EndGlobalSection
	GlobalSection(ExtensibilityGlobals) = postSolution
		SolutionGuid = {9434F323-19DC-4436-A9BB-2750F37D8739}
	EndGlobalSection
EndGlobal
